
Microsoft Visual Studio Solution File, Format Version 12.00
# Visual Studio 15
VisualStudioVersion = 15.0.27428.2005
MinimumVisualStudioVersion = 10.0.40219.1
Project("{FAE04EC0-301F-11D3-BF4B-00C04F79EFBC}") = "BookStore.Web", "BookStore.Web\BookStore.Web.csproj", "{0F389071-D1BB-4DDA-84EF-3F04A09C510B}"
EndProject
Project("{2150E333-8FDC-42A3-9474-1A3956D46DE8}") = "Presentation", "Presentation", "{C827F2D1-77D2-486D-A188-E53BE078D5C1}"
EndProject
Project("{2150E333-8FDC-42A3-9474-1A3956D46DE8}") = "Common", "Common", "{838F0D46-6389-4B22-AD78-1ECB1B42622F}"
EndProject
Project("{2150E333-8FDC-42A3-9474-1A3956D46DE8}") = "Core", "Core", "{D347B709-2E42-430C-AA76-53AFA962DDFC}"
EndProject
Project("{2150E333-8FDC-42A3-9474-1A3956D46DE8}") = "Modules", "Modules", "{D610DEA4-186C-4550-883F-40267F133390}"
EndProject
Project("{FAE04EC0-301F-11D3-BF4B-00C04F79EFBC}") = "BookStore.Contract", "BookStore.Contract\BookStore.Contract.csproj", "{952768D4-FC7E-430F-9B5F-3317F5813F9B}"
EndProject
Project("{FAE04EC0-301F-11D3-BF4B-00C04F79EFBC}") = "BookStore.Repository", "BookStore.Repository\BookStore.Repository.csproj", "{316363FF-F443-41F9-973D-7E3D3951E6CA}"
EndProject
Project("{FAE04EC0-301F-11D3-BF4B-00C04F79EFBC}") = "BookStore.Services", "BookStore.Services\BookStore.Services.csproj", "{613EED26-389F-4628-BD5D-46CCA4BDFC4B}"
EndProject
Project("{FAE04EC0-301F-11D3-BF4B-00C04F79EFBC}") = "BookStore.EntityCore", "BookStore.EntityCore\BookStore.EntityCore.csproj", "{A40B76D5-24C7-41D8-9AA6-DAF116CC925E}"
EndProject
Global
	GlobalSection(SolutionConfigurationPlatforms) = preSolution
		Debug|Any CPU = Debug|Any CPU
		Release|Any CPU = Release|Any CPU
	EndGlobalSection
	GlobalSection(ProjectConfigurationPlatforms) = postSolution
		{0F389071-D1BB-4DDA-84EF-3F04A09C510B}.Debug|Any CPU.ActiveCfg = Debug|Any CPU
		{0F389071-D1BB-4DDA-84EF-3F04A09C510B}.Debug|Any CPU.Build.0 = Debug|Any CPU
		{0F389071-D1BB-4DDA-84EF-3F04A09C510B}.Release|Any CPU.ActiveCfg = Release|Any CPU
		{0F389071-D1BB-4DDA-84EF-3F04A09C510B}.Release|Any CPU.Build.0 = Release|Any CPU
		{952768D4-FC7E-430F-9B5F-3317F5813F9B}.Debug|Any CPU.ActiveCfg = Debug|Any CPU
		{952768D4-FC7E-430F-9B5F-3317F5813F9B}.Debug|Any CPU.Build.0 = Debug|Any CPU
		{952768D4-FC7E-430F-9B5F-3317F5813F9B}.Release|Any CPU.ActiveCfg = Release|Any CPU
		{952768D4-FC7E-430F-9B5F-3317F5813F9B}.Release|Any CPU.Build.0 = Release|Any CPU
		{316363FF-F443-41F9-973D-7E3D3951E6CA}.Debug|Any CPU.ActiveCfg = Debug|Any CPU
		{316363FF-F443-41F9-973D-7E3D3951E6CA}.Debug|Any CPU.Build.0 = Debug|Any CPU
		{316363FF-F443-41F9-973D-7E3D3951E6CA}.Release|Any CPU.ActiveCfg = Release|Any CPU
		{316363FF-F443-41F9-973D-7E3D3951E6CA}.Release|Any CPU.Build.0 = Release|Any CPU
		{613EED26-389F-4628-BD5D-46CCA4BDFC4B}.Debug|Any CPU.ActiveCfg = Debug|Any CPU
		{613EED26-389F-4628-BD5D-46CCA4BDFC4B}.Debug|Any CPU.Build.0 = Debug|Any CPU
		{613EED26-389F-4628-BD5D-46CCA4BDFC4B}.Release|Any CPU.ActiveCfg = Release|Any CPU
		{613EED26-389F-4628-BD5D-46CCA4BDFC4B}.Release|Any CPU.Build.0 = Release|Any CPU
		{A40B76D5-24C7-41D8-9AA6-DAF116CC925E}.Debug|Any CPU.ActiveCfg = Debug|Any CPU
		{A40B76D5-24C7-41D8-9AA6-DAF116CC925E}.Debug|Any CPU.Build.0 = Debug|Any CPU
		{A40B76D5-24C7-41D8-9AA6-DAF116CC925E}.Release|Any CPU.ActiveCfg = Release|Any CPU
		{A40B76D5-24C7-41D8-9AA6-DAF116CC925E}.Release|Any CPU.Build.0 = Release|Any CPU
	EndGlobalSection
	GlobalSection(SolutionProperties) = preSolution
		HideSolutionNode = FALSE
	EndGlobalSection
	GlobalSection(NestedProjects) = preSolution
		{0F389071-D1BB-4DDA-84EF-3F04A09C510B} = {C827F2D1-77D2-486D-A188-E53BE078D5C1}
		{952768D4-FC7E-430F-9B5F-3317F5813F9B} = {838F0D46-6389-4B22-AD78-1ECB1B42622F}
		{316363FF-F443-41F9-973D-7E3D3951E6CA} = {D347B709-2E42-430C-AA76-53AFA962DDFC}
		{613EED26-389F-4628-BD5D-46CCA4BDFC4B} = {D610DEA4-186C-4550-883F-40267F133390}
		{A40B76D5-24C7-41D8-9AA6-DAF116CC925E} = {D347B709-2E42-430C-AA76-53AFA962DDFC}
	EndGlobalSection
	GlobalSection(ExtensibilityGlobals) = postSolution
		SolutionGuid = {337A822B-7AF4-4F83-B2F3-AA16D802EEE6}
	EndGlobalSection
EndGlobal
